
Microsoft Visual Studio Solution File, Format Version 12.00
# Visual Studio Version 17
VisualStudioVersion = 17.9.34616.47
MinimumVisualStudioVersion = 10.0.40219.1
Project("{FAE04EC0-301F-11D3-BF4B-00C04F79EFBC}") = "BatchRename", "BatchRename.csproj", "{1B8E4D96-7A23-4C0E-8AA8-D7A1C5AD520D}"
EndProject
Global
	GlobalSection(SolutionConfigurationPlatforms) = preSolution
		Debug|Any CPU = Debug|Any CPU
		Release|Any CPU = Release|Any CPU
	EndGlobalSection
	GlobalSection(ProjectConfigurationPlatforms) = postSolution
		{1B8E4D96-7A23-4C0E-8AA8-D7A1C5AD520D}.Debug|Any CPU.ActiveCfg = Debug|Any CPU
		{1B8E4D96-7A23-4C0E-8AA8-D7A1C5AD520D}.Debug|Any CPU.Build.0 = Debug|Any CPU
		{1B8E4D96-7A23-4C0E-8AA8-D7A1C5AD520D}.Release|Any CPU.ActiveCfg = Release|Any CPU
		{1B8E4D96-7A23-4C0E-8AA8-D7A1C5AD520D}.Release|Any CPU.Build.0 = Release|Any CPU
	EndGlobalSection
	GlobalSection(SolutionProperties) = preSolution
		HideSolutionNode = FALSE
	EndGlobalSection
	GlobalSection(ExtensibilityGlobals) = postSolution
		SolutionGuid = {5A832745-9AE3-4599-BF70-F45E6A73558A}
	EndGlobalSection
EndGlobal
